// !$*UTF8*$!
{
	archiveVersion = 1;
	classes = {
	};
	objectVersion = 77;
	objects = {

/* Begin PBXBuildFile section */
		3DC1036CB390ED146040C277 /* ZakiyUITests.swift in Sources */ = {isa = PBXBuildFile; fileRef = 9E0A569D6D2C1F5914D47693 /* ZakiyUITests.swift */; };
		A00000000000000000000051 /* SocketIO in Frameworks */ = {isa = PBXBuildFile; productRef = A00000000000000000000041 /* SocketIO */; };
		A00000000000000000000052 /* Supabase in Frameworks */ = {isa = PBXBuildFile; productRef = A00000000000000000000042 /* Supabase */; };
		A00000000000000000000053 /* WebRTC in Frameworks */ = {isa = PBXBuildFile; productRef = A00000000000000000000043 /* WebRTC */; };
		C88DF4F27759C5C4F1060E51 /* Foundation.framework in Frameworks */ = {isa = PBXBuildFile; fileRef = F1C24EFD5309B526EFC5D932 /* Foundation.framework */; };
		E522C8CE6CF141DB48D73D60 /* ZakiyUITestsLaunchTests.swift in Sources */ = {isa = PBXBuildFile; fileRef = 804DA97742F27BFCBAE0C9A0 /* ZakiyUITestsLaunchTests.swift */; };
/* End PBXBuildFile section */

/* Begin PBXContainerItemProxy section */
		E331664F6934396EFAD0D208 /* PBXContainerItemProxy */ = {
			isa = PBXContainerItemProxy;
			containerPortal = A00000000000000000000010 /* Project object */;
			proxyType = 1;
			remoteGlobalIDString = A00000000000000000000005;
			remoteInfo = Zakiy;
		};
/* End PBXContainerItemProxy section */

/* Begin PBXFileReference section */
		804DA97742F27BFCBAE0C9A0 /* ZakiyUITestsLaunchTests.swift */ = {isa = PBXFileReference; includeInIndex = 1; lastKnownFileType = sourcecode.swift; path = ZakiyUITestsLaunchTests.swift; sourceTree = "<group>"; };
		9E0A569D6D2C1F5914D47693 /* ZakiyUITests.swift */ = {isa = PBXFileReference; includeInIndex = 1; lastKnownFileType = sourcecode.swift; path = ZakiyUITests.swift; sourceTree = "<group>"; };
		A00000000000000000000001 /* Zakiy.app */ = {isa = PBXFileReference; explicitFileType = wrapper.application; includeInIndex = 0; path = Zakiy.app; sourceTree = BUILT_PRODUCTS_DIR; };
		BCEB624D6B7CFC9445295429 /* ZakiyUITests.xctest */ = {isa = PBXFileReference; explicitFileType = wrapper.cfbundle; includeInIndex = 0; path = ZakiyUITests.xctest; sourceTree = BUILT_PRODUCTS_DIR; };
		F1C24EFD5309B526EFC5D932 /* Foundation.framework */ = {isa = PBXFileReference; lastKnownFileType = wrapper.framework; name = Foundation.framework; path = Platforms/iPhoneOS.platform/Developer/SDKs/iPhoneOS26.0.sdk/System/Library/Frameworks/Foundation.framework; sourceTree = DEVELOPER_DIR; };
/* End PBXFileReference section */

/* Begin PBXFileSystemSynchronizedRootGroup section */
		A00000000000000000000002 /* Zakiy */ = {
			isa = PBXFileSystemSynchronizedRootGroup;
			exceptions = (
			);
			path = Zakiy;
			sourceTree = "<group>";
		};
/* End PBXFileSystemSynchronizedRootGroup section */

/* Begin PBXFrameworksBuildPhase section */
		A00000000000000000000008 /* Frameworks */ = {
			isa = PBXFrameworksBuildPhase;
			buildActionMask = 2147483647;
			files = (
				A00000000000000000000051 /* SocketIO in Frameworks */,
				A00000000000000000000052 /* Supabase in Frameworks */,
				A00000000000000000000053 /* WebRTC in Frameworks */,
			);
			runOnlyForDeploymentPostprocessing = 0;
		};
		F54006FE1A2482D6741C3BA3 /* Frameworks */ = {
			isa = PBXFrameworksBuildPhase;
			buildActionMask = 2147483647;
			files = (
				C88DF4F27759C5C4F1060E51 /* Foundation.framework in Frameworks */,
			);
			runOnlyForDeploymentPostprocessing = 0;
		};
/* End PBXFrameworksBuildPhase section */

/* Begin PBXGroup section */
		17D454574E3CC7CD008D6C01 /* ZakiyUITests */ = {
			isa = PBXGroup;
			children = (
				9E0A569D6D2C1F5914D47693 /* ZakiyUITests.swift */,
				804DA97742F27BFCBAE0C9A0 /* ZakiyUITestsLaunchTests.swift */,
			);
			name = ZakiyUITests;
			path = ZakiyUITests;
			sourceTree = "<group>";
		};
		A00000000000000000000003 = {
			isa = PBXGroup;
			children = (
				A00000000000000000000002 /* Zakiy */,
				A00000000000000000000004 /* Products */,
				D2745C226EA59FED7704E035 /* Frameworks */,
				17D454574E3CC7CD008D6C01 /* ZakiyUITests */,
			);
			sourceTree = "<group>";
		};
		A00000000000000000000004 /* Products */ = {
			isa = PBXGroup;
			children = (
				A00000000000000000000001 /* Zakiy.app */,
				BCEB624D6B7CFC9445295429 /* ZakiyUITests.xctest */,
			);
			name = Products;
			sourceTree = "<group>";
		};
		D2745C226EA59FED7704E035 /* Frameworks */ = {
			isa = PBXGroup;
			children = (
				E320E7C45397374931A9EFEA /* iOS */,
			);
			name = Frameworks;
			sourceTree = "<group>";
		};
		E320E7C45397374931A9EFEA /* iOS */ = {
			isa = PBXGroup;
			children = (
				F1C24EFD5309B526EFC5D932 /* Foundation.framework */,
			);
			name = iOS;
			sourceTree = "<group>";
		};
/* End PBXGroup section */

/* Begin PBXNativeTarget section */
		695279F2B733CB2E06735A2C /* ZakiyUITests */ = {
			isa = PBXNativeTarget;
			buildConfigurationList = 80010BEE801727133FDA1C85 /* Build configuration list for PBXNativeTarget "ZakiyUITests" */;
			buildPhases = (
				0591FC75D4F2A94820303D29 /* Sources */,
				F54006FE1A2482D6741C3BA3 /* Frameworks */,
				705402F084B3D3B2AA3DBC52 /* Resources */,
			);
			buildRules = (
			);
			dependencies = (
				208CB755CA0FE70DB2501C91 /* PBXTargetDependency */,
			);
			name = ZakiyUITests;
			productName = ZakiyUITests;
			productReference = BCEB624D6B7CFC9445295429 /* ZakiyUITests.xctest */;
			productType = "com.apple.product-type.bundle.ui-testing";
		};
		A00000000000000000000005 /* Zakiy */ = {
			isa = PBXNativeTarget;
			buildConfigurationList = A00000000000000000000006 /* Build configuration list for PBXNativeTarget "Zakiy" */;
			buildPhases = (
				A00000000000000000000007 /* Sources */,
				A00000000000000000000008 /* Frameworks */,
				A00000000000000000000009 /* Resources */,
			);
			buildRules = (
			);
			dependencies = (
			);
			fileSystemSynchronizedGroups = (
				A00000000000000000000002 /* Zakiy */,
			);
			name = Zakiy;
			packageProductDependencies = (
				A00000000000000000000041 /* SocketIO */,
				A00000000000000000000042 /* Supabase */,
				A00000000000000000000043 /* WebRTC */,
			);
			productName = Zakiy;
			productReference = A00000000000000000000001 /* Zakiy.app */;
			productType = "com.apple.product-type.application";
		};
/* End PBXNativeTarget section */

/* Begin PBXProject section */
		A00000000000000000000010 /* Project object */ = {
			isa = PBXProject;
			attributes = {
				BuildIndependentTargetsInParallel = 1;
				LastSwiftUpdateCheck = 2600;
				LastUpgradeCheck = 2600;
				TargetAttributes = {
					A00000000000000000000005 = {
						CreatedOnToolsVersion = 26.0;
					};
				};
			};
			buildConfigurationList = A00000000000000000000011 /* Build configuration list for PBXProject "Zakiy" */;
			developmentRegion = en;
			hasScannedForEncodings = 0;
			knownRegions = (
				en,
				ar,
				Base,
			);
			mainGroup = A00000000000000000000003;
			minimizedProjectReferenceProxies = 1;
			packageReferences = (
				A00000000000000000000120 /* XCRemoteSwiftPackageReference "socket.io-client-swift" */,
				A00000000000000000000121 /* XCRemoteSwiftPackageReference "supabase-swift" */,
				A00000000000000000000122 /* XCRemoteSwiftPackageReference "WebRTC" */,
			);
			preferredProjectObjectVersion = 77;
			productRefGroup = A00000000000000000000004 /* Products */;
			projectDirPath = "";
			projectRoot = "";
			targets = (
				A00000000000000000000005 /* Zakiy */,
				695279F2B733CB2E06735A2C /* ZakiyUITests */,
			);
		};
/* End PBXProject section */

/* Begin PBXResourcesBuildPhase section */
		705402F084B3D3B2AA3DBC52 /* Resources */ = {
			isa = PBXResourcesBuildPhase;
			buildActionMask = 2147483647;
			files = (
			);
			runOnlyForDeploymentPostprocessing = 0;
		};
		A00000000000000000000009 /* Resources */ = {
			isa = PBXResourcesBuildPhase;
			buildActionMask = 2147483647;
			files = (
			);
			runOnlyForDeploymentPostprocessing = 0;
		};
/* End PBXResourcesBuildPhase section */

/* Begin PBXSourcesBuildPhase section */
		0591FC75D4F2A94820303D29 /* Sources */ = {
			isa = PBXSourcesBuildPhase;
			buildActionMask = 2147483647;
			files = (
				3DC1036CB390ED146040C277 /* ZakiyUITests.swift in Sources */,
				E522C8CE6CF141DB48D73D60 /* ZakiyUITestsLaunchTests.swift in Sources */,
			);
			runOnlyForDeploymentPostprocessing = 0;
		};
		A00000000000000000000007 /* Sources */ = {
			isa = PBXSourcesBuildPhase;
			buildActionMask = 2147483647;
			files = (
			);
			runOnlyForDeploymentPostprocessing = 0;
		};
/* End PBXSourcesBuildPhase section */

/* Begin PBXTargetDependency section */
		208CB755CA0FE70DB2501C91 /* PBXTargetDependency */ = {
			isa = PBXTargetDependency;
			name = Zakiy;
			target = A00000000000000000000005 /* Zakiy */;
			targetProxy = E331664F6934396EFAD0D208 /* PBXContainerItemProxy */;
		};
/* End PBXTargetDependency section */

/* Begin XCBuildConfiguration section */
		0068FE19AD42FDD0718D4F89 /* Debug */ = {
			isa = XCBuildConfiguration;
			buildSettings = {
				CLANG_ENABLE_OBJC_WEAK = NO;
				CODE_SIGN_STYLE = Automatic;
				DEVELOPMENT_TEAM = "";
				GENERATE_INFOPLIST_FILE = YES;
				IPHONEOS_DEPLOYMENT_TARGET = 18.0;
				PRODUCT_BUNDLE_IDENTIFIER = com.zakiy.platform.ZakiyUITests;
				PRODUCT_NAME = "$(TARGET_NAME)";
				SDKROOT = iphoneos;
				SWIFT_VERSION = 5.0;
				TEST_TARGET_NAME = Zakiy;
			};
			name = Debug;
		};
		46D2AC38A2A03A2C141C5D2C /* Release */ = {
			isa = XCBuildConfiguration;
			buildSettings = {
				CLANG_ENABLE_OBJC_WEAK = NO;
				CODE_SIGN_STYLE = Automatic;
				DEVELOPMENT_TEAM = "";
				GENERATE_INFOPLIST_FILE = YES;
				IPHONEOS_DEPLOYMENT_TARGET = 18.0;
				PRODUCT_BUNDLE_IDENTIFIER = com.zakiy.platform.ZakiyUITests;
				PRODUCT_NAME = "$(TARGET_NAME)";
				SDKROOT = iphoneos;
				SWIFT_VERSION = 5.0;
				TEST_TARGET_NAME = Zakiy;
				VALIDATE_PRODUCT = YES;
			};
			name = Release;
		};
		A00000000000000000000012 /* Debug */ = {
			isa = XCBuildConfiguration;
			buildSettings = {
				ALWAYS_SEARCH_USER_PATHS = NO;
				CLANG_ENABLE_MODULES = YES;
				CLANG_ENABLE_OBJC_ARC = YES;
				CLANG_WARN_DOCUMENTATION_COMMENTS = YES;
				CLANG_WARN_QUOTED_INCLUDE_IN_FRAMEWORK_HEADER = YES;
				COPY_PHASE_STRIP = NO;
				DEBUG_INFORMATION_FORMAT = dwarf;
				ENABLE_STRICT_OBJC_MSGSEND = YES;
				GCC_C_LANGUAGE_STANDARD = gnu17;
				GCC_DYNAMIC_NO_PIC = NO;
				GCC_NO_COMMON_BLOCKS = YES;
				GCC_OPTIMIZATION_LEVEL = 0;
				GCC_WARN_64_TO_32_BIT_CONVERSION = YES;
				GCC_WARN_UNDECLARED_SELECTOR = YES;
				GCC_WARN_UNINITIALIZED_AUTOS = YES_AGGRESSIVE;
				IPHONEOS_DEPLOYMENT_TARGET = 18.0;
				SDKROOT = iphoneos;
				SWIFT_VERSION = 5.0;
			};
			name = Debug;
		};
		A00000000000000000000013 /* Release */ = {
			isa = XCBuildConfiguration;
			buildSettings = {
				ALWAYS_SEARCH_USER_PATHS = NO;
				CLANG_ENABLE_MODULES = YES;
				CLANG_ENABLE_OBJC_ARC = YES;
				COPY_PHASE_STRIP = YES;
				DEBUG_INFORMATION_FORMAT = "dwarf-with-dsym";
				ENABLE_NS_ASSERTIONS = NO;
				GCC_C_LANGUAGE_STANDARD = gnu17;
				IPHONEOS_DEPLOYMENT_TARGET = 18.0;
				SDKROOT = iphoneos;
				SWIFT_COMPILATION_MODE = wholemodule;
				SWIFT_OPTIMIZATION_LEVEL = "-O";
				SWIFT_VERSION = 5.0;
			};
			name = Release;
		};
		A00000000000000000000014 /* Debug */ = {
			isa = XCBuildConfiguration;
			buildSettings = {
				ASSETCATALOG_COMPILER_APPICON_NAME = AppIcon;
				ASSETCATALOG_COMPILER_GENERATE_SWIFT_ASSET_SYMBOL_EXTENSIONS = YES;
				ASSETCATALOG_COMPILER_GLOBAL_ACCENT_COLOR_NAME = AccentColor;
				ASSETCATALOG_COMPILER_INCLUDE_ALL_APPICON_ASSETS = YES;
				CODE_SIGN_STYLE = Automatic;
				CURRENT_PROJECT_VERSION = 1;
				DEVELOPMENT_TEAM = "";
				GENERATE_INFOPLIST_FILE = YES;
				INFOPLIST_KEY_CFBundleDisplayName = "ذكّي";
				INFOPLIST_KEY_LSApplicationCategoryType = "public.app-category.education";
				INFOPLIST_KEY_NSCameraUsageDescription = "نحتاج الكاميرا لمسح رمز QR للانضمام السريع للغرف والأصدقاء.";
				INFOPLIST_KEY_NSMicrophoneUsageDescription = "نحتاج المايك للصوت الجماعي داخل غرف المذاكرة.";
				INFOPLIST_KEY_UILaunchScreen_Generation = YES;
				INFOPLIST_KEY_UISupportedInterfaceOrientations_iPhone = "UIInterfaceOrientationPortrait UIInterfaceOrientationLandscapeLeft UIInterfaceOrientationLandscapeRight";
				IPHONEOS_DEPLOYMENT_TARGET = 18.0;
				LD_RUNPATH_SEARCH_PATHS = (
					"$(inherited)",
					"@executable_path/Frameworks",
				);
				MARKETING_VERSION = 1.0;
				PRODUCT_BUNDLE_IDENTIFIER = com.zakiy.platform;
				PRODUCT_NAME = "$(TARGET_NAME)";
				SWIFT_EMIT_LOC_STRINGS = YES;
				SWIFT_STRICT_CONCURRENCY = minimal;
				TARGETED_DEVICE_FAMILY = "1,2";
			};
			name = Debug;
		};
		A00000000000000000000015 /* Release */ = {
			isa = XCBuildConfiguration;
			buildSettings = {
				ASSETCATALOG_COMPILER_APPICON_NAME = AppIcon;
				ASSETCATALOG_COMPILER_GENERATE_SWIFT_ASSET_SYMBOL_EXTENSIONS = YES;
				ASSETCATALOG_COMPILER_GLOBAL_ACCENT_COLOR_NAME = AccentColor;
				ASSETCATALOG_COMPILER_INCLUDE_ALL_APPICON_ASSETS = YES;
				CODE_SIGN_STYLE = Automatic;
				CURRENT_PROJECT_VERSION = 1;
				DEVELOPMENT_TEAM = "";
				GENERATE_INFOPLIST_FILE = YES;
				INFOPLIST_KEY_CFBundleDisplayName = "ذكّي";
				INFOPLIST_KEY_LSApplicationCategoryType = "public.app-category.education";
				INFOPLIST_KEY_NSCameraUsageDescription = "نحتاج الكاميرا لمسح رمز QR للانضمام السريع للغرف والأصدقاء.";
				INFOPLIST_KEY_NSMicrophoneUsageDescription = "نحتاج المايك للصوت الجماعي داخل غرف المذاكرة.";
				INFOPLIST_KEY_UILaunchScreen_Generation = YES;
				INFOPLIST_KEY_UISupportedInterfaceOrientations_iPhone = "UIInterfaceOrientationPortrait UIInterfaceOrientationLandscapeLeft UIInterfaceOrientationLandscapeRight";
				IPHONEOS_DEPLOYMENT_TARGET = 18.0;
				LD_RUNPATH_SEARCH_PATHS = (
					"$(inherited)",
					"@executable_path/Frameworks",
				);
				MARKETING_VERSION = 1.0;
				PRODUCT_BUNDLE_IDENTIFIER = com.zakiy.platform;
				PRODUCT_NAME = "$(TARGET_NAME)";
				SWIFT_EMIT_LOC_STRINGS = YES;
				SWIFT_STRICT_CONCURRENCY = minimal;
				TARGETED_DEVICE_FAMILY = "1,2";
			};
			name = Release;
		};
/* End XCBuildConfiguration section */

/* Begin XCConfigurationList section */
		80010BEE801727133FDA1C85 /* Build configuration list for PBXNativeTarget "ZakiyUITests" */ = {
			isa = XCConfigurationList;
			buildConfigurations = (
				46D2AC38A2A03A2C141C5D2C /* Release */,
				0068FE19AD42FDD0718D4F89 /* Debug */,
			);
			defaultConfigurationIsVisible = 0;
			defaultConfigurationName = Release;
		};
		A00000000000000000000006 /* Build configuration list for PBXNativeTarget "Zakiy" */ = {
			isa = XCConfigurationList;
			buildConfigurations = (
				A00000000000000000000014 /* Debug */,
				A00000000000000000000015 /* Release */,
			);
			defaultConfigurationIsVisible = 0;
			defaultConfigurationName = Release;
		};
		A00000000000000000000011 /* Build configuration list for PBXProject "Zakiy" */ = {
			isa = XCConfigurationList;
			buildConfigurations = (
				A00000000000000000000012 /* Debug */,
				A00000000000000000000013 /* Release */,
			);
			defaultConfigurationIsVisible = 0;
			defaultConfigurationName = Release;
		};
/* End XCConfigurationList section */

/* Begin XCRemoteSwiftPackageReference section */
		A00000000000000000000120 /* XCRemoteSwiftPackageReference "socket.io-client-swift" */ = {
			isa = XCRemoteSwiftPackageReference;
			repositoryURL = "https://github.com/socketio/socket.io-client-swift";
			requirement = {
				kind = upToNextMajorVersion;
				minimumVersion = 16.1.0;
			};
		};
		A00000000000000000000121 /* XCRemoteSwiftPackageReference "supabase-swift" */ = {
			isa = XCRemoteSwiftPackageReference;
			repositoryURL = "https://github.com/supabase/supabase-swift";
			requirement = {
				kind = upToNextMajorVersion;
				minimumVersion = 2.0.0;
			};
		};
		A00000000000000000000122 /* XCRemoteSwiftPackageReference "WebRTC" */ = {
			isa = XCRemoteSwiftPackageReference;
			repositoryURL = "https://github.com/stasel/WebRTC";
			requirement = {
				kind = exactVersion;
				version = 150.0.0;
			};
		};
/* End XCRemoteSwiftPackageReference section */

/* Begin XCSwiftPackageProductDependency section */
		A00000000000000000000041 /* SocketIO */ = {
			isa = XCSwiftPackageProductDependency;
			package = A00000000000000000000120 /* XCRemoteSwiftPackageReference "socket.io-client-swift" */;
			productName = SocketIO;
		};
		A00000000000000000000042 /* Supabase */ = {
			isa = XCSwiftPackageProductDependency;
			package = A00000000000000000000121 /* XCRemoteSwiftPackageReference "supabase-swift" */;
			productName = Supabase;
		};
		A00000000000000000000043 /* WebRTC */ = {
			isa = XCSwiftPackageProductDependency;
			package = A00000000000000000000122 /* XCRemoteSwiftPackageReference "WebRTC" */;
			productName = WebRTC;
		};
/* End XCSwiftPackageProductDependency section */
	};
	rootObject = A00000000000000000000010 /* Project object */;
}
